
Microsoft Visual Studio Solution File, Format Version 12.00
# Visual Studio Version 17
VisualStudioVersion = 17.10.35013.160
MinimumVisualStudioVersion = 10.0.40219.1
Project("{FAE04EC0-301F-11D3-BF4B-00C04F79EFBC}") = "Kerto2", "Kerto2\Kerto2.csproj", "{52E29297-45D7-4465-ABA3-B7A42E3870B2}"
EndProject
Global
	GlobalSection(SolutionConfigurationPlatforms) = preSolution
		Debug|Any CPU = Debug|Any CPU
		Release|Any CPU = Release|Any CPU
	EndGlobalSection
	GlobalSection(ProjectConfigurationPlatforms) = postSolution
		{52E29297-45D7-4465-ABA3-B7A42E3870B2}.Debug|Any CPU.ActiveCfg = Debug|Any CPU
		{52E29297-45D7-4465-ABA3-B7A42E3870B2}.Debug|Any CPU.Build.0 = Debug|Any CPU
		{52E29297-45D7-4465-ABA3-B7A42E3870B2}.Release|Any CPU.ActiveCfg = Release|Any CPU
		{52E29297-45D7-4465-ABA3-B7A42E3870B2}.Release|Any CPU.Build.0 = Release|Any CPU
	EndGlobalSection
	GlobalSection(SolutionProperties) = preSolution
		HideSolutionNode = FALSE
	EndGlobalSection
	GlobalSection(ExtensibilityGlobals) = postSolution
		SolutionGuid = {C7FA013C-3A7D-4559-A747-22C027BE37B5}
	EndGlobalSection
EndGlobal
