
Microsoft Visual Studio Solution File, Format Version 12.00
# Visual Studio Version 17
VisualStudioVersion = 17.10.35013.160
MinimumVisualStudioVersion = 10.0.40219.1
Project("{FAE04EC0-301F-11D3-BF4B-00C04F79EFBC}") = "Jako", "Jako\Jako.csproj", "{438AF02D-2B34-4E1F-A49B-6AB9D182C198}"
EndProject
Global
	GlobalSection(SolutionConfigurationPlatforms) = preSolution
		Debug|Any CPU = Debug|Any CPU
		Release|Any CPU = Release|Any CPU
	EndGlobalSection
	GlobalSection(ProjectConfigurationPlatforms) = postSolution
		{438AF02D-2B34-4E1F-A49B-6AB9D182C198}.Debug|Any CPU.ActiveCfg = Debug|Any CPU
		{438AF02D-2B34-4E1F-A49B-6AB9D182C198}.Debug|Any CPU.Build.0 = Debug|Any CPU
		{438AF02D-2B34-4E1F-A49B-6AB9D182C198}.Release|Any CPU.ActiveCfg = Release|Any CPU
		{438AF02D-2B34-4E1F-A49B-6AB9D182C198}.Release|Any CPU.Build.0 = Release|Any CPU
	EndGlobalSection
	GlobalSection(SolutionProperties) = preSolution
		HideSolutionNode = FALSE
	EndGlobalSection
	GlobalSection(ExtensibilityGlobals) = postSolution
		SolutionGuid = {C4CA4C04-54F0-49C7-90AF-67129CFA2579}
	EndGlobalSection
EndGlobal
