
Microsoft Visual Studio Solution File, Format Version 12.00
# Visual Studio Version 17
VisualStudioVersion = 17.10.35013.160
MinimumVisualStudioVersion = 10.0.40219.1
Project("{FAE04EC0-301F-11D3-BF4B-00C04F79EFBC}") = "Erotus2", "Erotus2\Erotus2.csproj", "{EDFFCCD5-9575-434D-B996-64EA774476EF}"
EndProject
Global
	GlobalSection(SolutionConfigurationPlatforms) = preSolution
		Debug|Any CPU = Debug|Any CPU
		Release|Any CPU = Release|Any CPU
	EndGlobalSection
	GlobalSection(ProjectConfigurationPlatforms) = postSolution
		{EDFFCCD5-9575-434D-B996-64EA774476EF}.Debug|Any CPU.ActiveCfg = Debug|Any CPU
		{EDFFCCD5-9575-434D-B996-64EA774476EF}.Debug|Any CPU.Build.0 = Debug|Any CPU
		{EDFFCCD5-9575-434D-B996-64EA774476EF}.Release|Any CPU.ActiveCfg = Release|Any CPU
		{EDFFCCD5-9575-434D-B996-64EA774476EF}.Release|Any CPU.Build.0 = Release|Any CPU
	EndGlobalSection
	GlobalSection(SolutionProperties) = preSolution
		HideSolutionNode = FALSE
	EndGlobalSection
	GlobalSection(ExtensibilityGlobals) = postSolution
		SolutionGuid = {0A643A35-122B-4F35-9F56-6D164B9C7576}
	EndGlobalSection
EndGlobal
