
Microsoft Visual Studio Solution File, Format Version 12.00
# Visual Studio Version 17
VisualStudioVersion = 17.10.35013.160
MinimumVisualStudioVersion = 10.0.40219.1
Project("{FAE04EC0-301F-11D3-BF4B-00C04F79EFBC}") = "Kerto", "Kerto\Kerto.csproj", "{7C02021E-9AE3-42D9-844A-CD91DB19AB7B}"
EndProject
Global
	GlobalSection(SolutionConfigurationPlatforms) = preSolution
		Debug|Any CPU = Debug|Any CPU
		Release|Any CPU = Release|Any CPU
	EndGlobalSection
	GlobalSection(ProjectConfigurationPlatforms) = postSolution
		{7C02021E-9AE3-42D9-844A-CD91DB19AB7B}.Debug|Any CPU.ActiveCfg = Debug|Any CPU
		{7C02021E-9AE3-42D9-844A-CD91DB19AB7B}.Debug|Any CPU.Build.0 = Debug|Any CPU
		{7C02021E-9AE3-42D9-844A-CD91DB19AB7B}.Release|Any CPU.ActiveCfg = Release|Any CPU
		{7C02021E-9AE3-42D9-844A-CD91DB19AB7B}.Release|Any CPU.Build.0 = Release|Any CPU
	EndGlobalSection
	GlobalSection(SolutionProperties) = preSolution
		HideSolutionNode = FALSE
	EndGlobalSection
	GlobalSection(ExtensibilityGlobals) = postSolution
		SolutionGuid = {FB65D3B5-CB8C-4AD5-A172-D17F2EE1F3F7}
	EndGlobalSection
EndGlobal
